
Microsoft Visual Studio Solution File, Format Version 12.00
# Visual Studio 15
VisualStudioVersion = 15.0.26403.7
MinimumVisualStudioVersion = 10.0.40219.1
Project("{FAE04EC0-301F-11D3-BF4B-00C04F79EFBC}") = "LandscapeSprinklerDesigner", "LandscapeSprinklerDesigner\LandscapeSprinklerDesigner.csproj", "{EED253DB-047E-4B92-8C24-4D67ECACBC15}"
EndProject
Project("{2150E333-8FDC-42A3-9474-1A3956D46DE8}") = "Libraries", "Libraries", "{3D58A18D-D453-4BB8-BA6F-67BEB1E2B717}"
EndProject
Project("{FAE04EC0-301F-11D3-BF4B-00C04F79EFBC}") = "Components", "Components\Components.csproj", "{268D5252-8BCD-450F-A365-626C39DC07F8}"
EndProject
Project("{2150E333-8FDC-42A3-9474-1A3956D46DE8}") = "Tests", "Tests", "{85BEDB85-6FC4-49F9-9A2C-5461364555D0}"
EndProject
Project("{FAE04EC0-301F-11D3-BF4B-00C04F79EFBC}") = "TNTObjectsTests", "Tests\TNTObjectsTests\TNTObjectsTests.csproj", "{354C4281-3748-47F5-A907-665C22C69091}"
EndProject
Project("{FAE04EC0-301F-11D3-BF4B-00C04F79EFBC}") = "PaletteDesigner", "PaletteDesigner\PaletteDesigner.csproj", "{5CFB2DB9-7BE0-435C-B850-90A89EDBCAA3}"
EndProject
Project("{FAE04EC0-301F-11D3-BF4B-00C04F79EFBC}") = "TNT.LSD.Inventory", "Libraries\TNT.LSD.Inventory\TNT.LSD.Inventory.csproj", "{B263EC43-E5C1-45A3-80F0-AD5D07074CA2}"
EndProject
Project("{FAE04EC0-301F-11D3-BF4B-00C04F79EFBC}") = "TNT.LSD.Inventory.Tests", "Tests\TNT.LSD.Inventory.Tests\TNT.LSD.Inventory.Tests.csproj", "{F7A6287C-8917-40D4-A3BD-ED9F090338A0}"
EndProject
Project("{FAE04EC0-301F-11D3-BF4B-00C04F79EFBC}") = "TNT.LSD.Plugins", "Libraries\TNT.LSD.Plugins\TNT.LSD.Plugins.csproj", "{356C8868-4F21-48C7-957D-834977C1D58E}"
EndProject
Project("{FAE04EC0-301F-11D3-BF4B-00C04F79EFBC}") = "TNT.LSD.PDFGenerator", "Libraries\TNT.LSD.PDFGenerator\TNT.LSD.PDFGenerator.csproj", "{961D2654-5B63-4867-92A3-934A16324F66}"
EndProject
Project("{FAE04EC0-301F-11D3-BF4B-00C04F79EFBC}") = "TNT.LSD.Objects", "Libraries\TNT.LSD.Objects\TNT.LSD.Objects.csproj", "{D4B61895-B09B-4419-8E7E-BAFFE837BCF3}"
EndProject
Project("{2150E333-8FDC-42A3-9474-1A3956D46DE8}") = "Plugins", "Plugins", "{4C471A97-886B-46BF-A258-E582C6BE5D1C}"
EndProject
Project("{FAE04EC0-301F-11D3-BF4B-00C04F79EFBC}") = "TNT.LSD.Colorizer", "Plugins\TNT.LSD.Colorizer\TNT.LSD.Colorizer.csproj", "{46919031-1E21-434A-9C44-CF5735E01976}"
EndProject
Project("{FAE04EC0-301F-11D3-BF4B-00C04F79EFBC}") = "TNT.LSD.Export", "Plugins\TNT.LSD.Export\TNT.LSD.Export.csproj", "{4CD3A053-3028-446F-A94F-9877FB11ADA2}"
EndProject
Project("{FAE04EC0-301F-11D3-BF4B-00C04F79EFBC}") = "TNT.LSD.Background", "Plugins\TNT.LSD.Background\TNT.LSD.Background.csproj", "{1EE3F926-FD21-4865-B4D4-28F23A5C088D}"
EndProject
Global
	GlobalSection(SolutionConfigurationPlatforms) = preSolution
		Debug (PALETTE_PROPERTIES)|Any CPU = Debug (PALETTE_PROPERTIES)|Any CPU
		Debug (PALETTE_PROPERTIES)|Mixed Platforms = Debug (PALETTE_PROPERTIES)|Mixed Platforms
		Debug (PALETTE_PROPERTIES)|x86 = Debug (PALETTE_PROPERTIES)|x86
		Debug|Any CPU = Debug|Any CPU
		Debug|Mixed Platforms = Debug|Mixed Platforms
		Debug|x86 = Debug|x86
		Release|Any CPU = Release|Any CPU
		Release|Mixed Platforms = Release|Mixed Platforms
		Release|x86 = Release|x86
	EndGlobalSection
	GlobalSection(ProjectConfigurationPlatforms) = postSolution
		{EED253DB-047E-4B92-8C24-4D67ECACBC15}.Debug (PALETTE_PROPERTIES)|Any CPU.ActiveCfg = Debug (PALETTE_PROPERTIES)|x86
		{EED253DB-047E-4B92-8C24-4D67ECACBC15}.Debug (PALETTE_PROPERTIES)|Mixed Platforms.ActiveCfg = Debug|x86
		{EED253DB-047E-4B92-8C24-4D67ECACBC15}.Debug (PALETTE_PROPERTIES)|Mixed Platforms.Build.0 = Debug|x86
		{EED253DB-047E-4B92-8C24-4D67ECACBC15}.Debug (PALETTE_PROPERTIES)|x86.ActiveCfg = Debug (PALETTE_PROPERTIES)|x86
		{EED253DB-047E-4B92-8C24-4D67ECACBC15}.Debug (PALETTE_PROPERTIES)|x86.Build.0 = Debug (PALETTE_PROPERTIES)|x86
		{EED253DB-047E-4B92-8C24-4D67ECACBC15}.Debug|Any CPU.ActiveCfg = Debug|x86
		{EED253DB-047E-4B92-8C24-4D67ECACBC15}.Debug|Mixed Platforms.ActiveCfg = Debug|x86
		{EED253DB-047E-4B92-8C24-4D67ECACBC15}.Debug|Mixed Platforms.Build.0 = Debug|x86
		{EED253DB-047E-4B92-8C24-4D67ECACBC15}.Debug|x86.ActiveCfg = Debug|x86
		{EED253DB-047E-4B92-8C24-4D67ECACBC15}.Debug|x86.Build.0 = Debug|x86
		{EED253DB-047E-4B92-8C24-4D67ECACBC15}.Release|Any CPU.ActiveCfg = Release|x86
		{EED253DB-047E-4B92-8C24-4D67ECACBC15}.Release|Mixed Platforms.ActiveCfg = Release|x86
		{EED253DB-047E-4B92-8C24-4D67ECACBC15}.Release|Mixed Platforms.Build.0 = Release|x86
		{EED253DB-047E-4B92-8C24-4D67ECACBC15}.Release|x86.ActiveCfg = Release|x86
		{EED253DB-047E-4B92-8C24-4D67ECACBC15}.Release|x86.Build.0 = Release|x86
		{268D5252-8BCD-450F-A365-626C39DC07F8}.Debug (PALETTE_PROPERTIES)|Any CPU.ActiveCfg = Debug (PALETTE_PROPERTIES)|Any CPU
		{268D5252-8BCD-450F-A365-626C39DC07F8}.Debug (PALETTE_PROPERTIES)|Any CPU.Build.0 = Debug (PALETTE_PROPERTIES)|Any CPU
		{268D5252-8BCD-450F-A365-626C39DC07F8}.Debug (PALETTE_PROPERTIES)|Mixed Platforms.ActiveCfg = Debug (PALETTE_PROPERTIES)|Any CPU
		{268D5252-8BCD-450F-A365-626C39DC07F8}.Debug (PALETTE_PROPERTIES)|Mixed Platforms.Build.0 = Debug (PALETTE_PROPERTIES)|Any CPU
		{268D5252-8BCD-450F-A365-626C39DC07F8}.Debug (PALETTE_PROPERTIES)|x86.ActiveCfg = Debug (PALETTE_PROPERTIES)|Any CPU
		{268D5252-8BCD-450F-A365-626C39DC07F8}.Debug|Any CPU.ActiveCfg = Debug|Any CPU
		{268D5252-8BCD-450F-A365-626C39DC07F8}.Debug|Any CPU.Build.0 = Debug|Any CPU
		{268D5252-8BCD-450F-A365-626C39DC07F8}.Debug|Mixed Platforms.ActiveCfg = Debug|Any CPU
		{268D5252-8BCD-450F-A365-626C39DC07F8}.Debug|Mixed Platforms.Build.0 = Debug|Any CPU
		{268D5252-8BCD-450F-A365-626C39DC07F8}.Debug|x86.ActiveCfg = Debug|Any CPU
		{268D5252-8BCD-450F-A365-626C39DC07F8}.Release|Any CPU.ActiveCfg = Release|Any CPU
		{268D5252-8BCD-450F-A365-626C39DC07F8}.Release|Any CPU.Build.0 = Release|Any CPU
		{268D5252-8BCD-450F-A365-626C39DC07F8}.Release|Mixed Platforms.ActiveCfg = Release|Any CPU
		{268D5252-8BCD-450F-A365-626C39DC07F8}.Release|Mixed Platforms.Build.0 = Release|Any CPU
		{268D5252-8BCD-450F-A365-626C39DC07F8}.Release|x86.ActiveCfg = Release|Any CPU
		{354C4281-3748-47F5-A907-665C22C69091}.Debug (PALETTE_PROPERTIES)|Any CPU.ActiveCfg = Debug (PALETTE_PROPERTIES)|Any CPU
		{354C4281-3748-47F5-A907-665C22C69091}.Debug (PALETTE_PROPERTIES)|Any CPU.Build.0 = Debug (PALETTE_PROPERTIES)|Any CPU
		{354C4281-3748-47F5-A907-665C22C69091}.Debug (PALETTE_PROPERTIES)|Mixed Platforms.ActiveCfg = Debug (PALETTE_PROPERTIES)|Any CPU
		{354C4281-3748-47F5-A907-665C22C69091}.Debug (PALETTE_PROPERTIES)|Mixed Platforms.Build.0 = Debug (PALETTE_PROPERTIES)|Any CPU
		{354C4281-3748-47F5-A907-665C22C69091}.Debug (PALETTE_PROPERTIES)|x86.ActiveCfg = Debug (PALETTE_PROPERTIES)|Any CPU
		{354C4281-3748-47F5-A907-665C22C69091}.Debug|Any CPU.ActiveCfg = Debug|Any CPU
		{354C4281-3748-47F5-A907-665C22C69091}.Debug|Any CPU.Build.0 = Debug|Any CPU
		{354C4281-3748-47F5-A907-665C22C69091}.Debug|Mixed Platforms.ActiveCfg = Debug|Any CPU
		{354C4281-3748-47F5-A907-665C22C69091}.Debug|Mixed Platforms.Build.0 = Debug|Any CPU
		{354C4281-3748-47F5-A907-665C22C69091}.Debug|x86.ActiveCfg = Debug|Any CPU
		{354C4281-3748-47F5-A907-665C22C69091}.Release|Any CPU.ActiveCfg = Release|Any CPU
		{354C4281-3748-47F5-A907-665C22C69091}.Release|Any CPU.Build.0 = Release|Any CPU
		{354C4281-3748-47F5-A907-665C22C69091}.Release|Mixed Platforms.ActiveCfg = Release|Any CPU
		{354C4281-3748-47F5-A907-665C22C69091}.Release|Mixed Platforms.Build.0 = Release|Any CPU
		{354C4281-3748-47F5-A907-665C22C69091}.Release|x86.ActiveCfg = Release|Any CPU
		{5CFB2DB9-7BE0-435C-B850-90A89EDBCAA3}.Debug (PALETTE_PROPERTIES)|Any CPU.ActiveCfg = Debug (PALETTE_PROPERTIES)|x86
		{5CFB2DB9-7BE0-435C-B850-90A89EDBCAA3}.Debug (PALETTE_PROPERTIES)|Mixed Platforms.ActiveCfg = Debug (PALETTE_PROPERTIES)|x86
		{5CFB2DB9-7BE0-435C-B850-90A89EDBCAA3}.Debug (PALETTE_PROPERTIES)|Mixed Platforms.Build.0 = Debug (PALETTE_PROPERTIES)|x86
		{5CFB2DB9-7BE0-435C-B850-90A89EDBCAA3}.Debug (PALETTE_PROPERTIES)|x86.ActiveCfg = Debug (PALETTE_PROPERTIES)|x86
		{5CFB2DB9-7BE0-435C-B850-90A89EDBCAA3}.Debug (PALETTE_PROPERTIES)|x86.Build.0 = Debug (PALETTE_PROPERTIES)|x86
		{5CFB2DB9-7BE0-435C-B850-90A89EDBCAA3}.Debug|Any CPU.ActiveCfg = Debug|x86
		{5CFB2DB9-7BE0-435C-B850-90A89EDBCAA3}.Debug|Mixed Platforms.ActiveCfg = Debug (PALETTE_PROPERTIES)|x86
		{5CFB2DB9-7BE0-435C-B850-90A89EDBCAA3}.Debug|Mixed Platforms.Build.0 = Debug (PALETTE_PROPERTIES)|x86
		{5CFB2DB9-7BE0-435C-B850-90A89EDBCAA3}.Debug|x86.ActiveCfg = Debug|x86
		{5CFB2DB9-7BE0-435C-B850-90A89EDBCAA3}.Debug|x86.Build.0 = Debug|x86
		{5CFB2DB9-7BE0-435C-B850-90A89EDBCAA3}.Release|Any CPU.ActiveCfg = Release|x86
		{5CFB2DB9-7BE0-435C-B850-90A89EDBCAA3}.Release|Mixed Platforms.ActiveCfg = Release|x86
		{5CFB2DB9-7BE0-435C-B850-90A89EDBCAA3}.Release|Mixed Platforms.Build.0 = Release|x86
		{5CFB2DB9-7BE0-435C-B850-90A89EDBCAA3}.Release|x86.ActiveCfg = Release|x86
		{5CFB2DB9-7BE0-435C-B850-90A89EDBCAA3}.Release|x86.Build.0 = Release|x86
		{B263EC43-E5C1-45A3-80F0-AD5D07074CA2}.Debug (PALETTE_PROPERTIES)|Any CPU.ActiveCfg = Debug|Any CPU
		{B263EC43-E5C1-45A3-80F0-AD5D07074CA2}.Debug (PALETTE_PROPERTIES)|Any CPU.Build.0 = Debug|Any CPU
		{B263EC43-E5C1-45A3-80F0-AD5D07074CA2}.Debug (PALETTE_PROPERTIES)|Mixed Platforms.ActiveCfg = Debug|Any CPU
		{B263EC43-E5C1-45A3-80F0-AD5D07074CA2}.Debug (PALETTE_PROPERTIES)|Mixed Platforms.Build.0 = Debug|Any CPU
		{B263EC43-E5C1-45A3-80F0-AD5D07074CA2}.Debug (PALETTE_PROPERTIES)|x86.ActiveCfg = Debug|Any CPU
		{B263EC43-E5C1-45A3-80F0-AD5D07074CA2}.Debug|Any CPU.ActiveCfg = Debug|Any CPU
		{B263EC43-E5C1-45A3-80F0-AD5D07074CA2}.Debug|Any CPU.Build.0 = Debug|Any CPU
		{B263EC43-E5C1-45A3-80F0-AD5D07074CA2}.Debug|Mixed Platforms.ActiveCfg = Debug|Any CPU
		{B263EC43-E5C1-45A3-80F0-AD5D07074CA2}.Debug|Mixed Platforms.Build.0 = Debug|Any CPU
		{B263EC43-E5C1-45A3-80F0-AD5D07074CA2}.Debug|x86.ActiveCfg = Debug|Any CPU
		{B263EC43-E5C1-45A3-80F0-AD5D07074CA2}.Release|Any CPU.ActiveCfg = Release|Any CPU
		{B263EC43-E5C1-45A3-80F0-AD5D07074CA2}.Release|Any CPU.Build.0 = Release|Any CPU
		{B263EC43-E5C1-45A3-80F0-AD5D07074CA2}.Release|Mixed Platforms.ActiveCfg = Release|Any CPU
		{B263EC43-E5C1-45A3-80F0-AD5D07074CA2}.Release|Mixed Platforms.Build.0 = Release|Any CPU
		{B263EC43-E5C1-45A3-80F0-AD5D07074CA2}.Release|x86.ActiveCfg = Release|Any CPU
		{F7A6287C-8917-40D4-A3BD-ED9F090338A0}.Debug (PALETTE_PROPERTIES)|Any CPU.ActiveCfg = Debug|Any CPU
		{F7A6287C-8917-40D4-A3BD-ED9F090338A0}.Debug (PALETTE_PROPERTIES)|Any CPU.Build.0 = Debug|Any CPU
		{F7A6287C-8917-40D4-A3BD-ED9F090338A0}.Debug (PALETTE_PROPERTIES)|Mixed Platforms.ActiveCfg = Debug|Any CPU
		{F7A6287C-8917-40D4-A3BD-ED9F090338A0}.Debug (PALETTE_PROPERTIES)|Mixed Platforms.Build.0 = Debug|Any CPU
		{F7A6287C-8917-40D4-A3BD-ED9F090338A0}.Debug (PALETTE_PROPERTIES)|x86.ActiveCfg = Debug|Any CPU
		{F7A6287C-8917-40D4-A3BD-ED9F090338A0}.Debug|Any CPU.ActiveCfg = Debug|Any CPU
		{F7A6287C-8917-40D4-A3BD-ED9F090338A0}.Debug|Any CPU.Build.0 = Debug|Any CPU
		{F7A6287C-8917-40D4-A3BD-ED9F090338A0}.Debug|Mixed Platforms.ActiveCfg = Debug|Any CPU
		{F7A6287C-8917-40D4-A3BD-ED9F090338A0}.Debug|Mixed Platforms.Build.0 = Debug|Any CPU
		{F7A6287C-8917-40D4-A3BD-ED9F090338A0}.Debug|x86.ActiveCfg = Debug|Any CPU
		{F7A6287C-8917-40D4-A3BD-ED9F090338A0}.Release|Any CPU.ActiveCfg = Release|Any CPU
		{F7A6287C-8917-40D4-A3BD-ED9F090338A0}.Release|Any CPU.Build.0 = Release|Any CPU
		{F7A6287C-8917-40D4-A3BD-ED9F090338A0}.Release|Mixed Platforms.ActiveCfg = Release|Any CPU
		{F7A6287C-8917-40D4-A3BD-ED9F090338A0}.Release|Mixed Platforms.Build.0 = Release|Any CPU
		{F7A6287C-8917-40D4-A3BD-ED9F090338A0}.Release|x86.ActiveCfg = Release|Any CPU
		{356C8868-4F21-48C7-957D-834977C1D58E}.Debug (PALETTE_PROPERTIES)|Any CPU.ActiveCfg = Debug|Any CPU
		{356C8868-4F21-48C7-957D-834977C1D58E}.Debug (PALETTE_PROPERTIES)|Any CPU.Build.0 = Debug|Any CPU
		{356C8868-4F21-48C7-957D-834977C1D58E}.Debug (PALETTE_PROPERTIES)|Mixed Platforms.ActiveCfg = Debug|Any CPU
		{356C8868-4F21-48C7-957D-834977C1D58E}.Debug (PALETTE_PROPERTIES)|Mixed Platforms.Build.0 = Debug|Any CPU
		{356C8868-4F21-48C7-957D-834977C1D58E}.Debug (PALETTE_PROPERTIES)|x86.ActiveCfg = Debug|Any CPU
		{356C8868-4F21-48C7-957D-834977C1D58E}.Debug|Any CPU.ActiveCfg = Debug|Any CPU
		{356C8868-4F21-48C7-957D-834977C1D58E}.Debug|Any CPU.Build.0 = Debug|Any CPU
		{356C8868-4F21-48C7-957D-834977C1D58E}.Debug|Mixed Platforms.ActiveCfg = Debug|Any CPU
		{356C8868-4F21-48C7-957D-834977C1D58E}.Debug|Mixed Platforms.Build.0 = Debug|Any CPU
		{356C8868-4F21-48C7-957D-834977C1D58E}.Debug|x86.ActiveCfg = Debug|Any CPU
		{356C8868-4F21-48C7-957D-834977C1D58E}.Release|Any CPU.ActiveCfg = Release|Any CPU
		{356C8868-4F21-48C7-957D-834977C1D58E}.Release|Any CPU.Build.0 = Release|Any CPU
		{356C8868-4F21-48C7-957D-834977C1D58E}.Release|Mixed Platforms.ActiveCfg = Release|Any CPU
		{356C8868-4F21-48C7-957D-834977C1D58E}.Release|Mixed Platforms.Build.0 = Release|Any CPU
		{356C8868-4F21-48C7-957D-834977C1D58E}.Release|x86.ActiveCfg = Release|Any CPU
		{961D2654-5B63-4867-92A3-934A16324F66}.Debug (PALETTE_PROPERTIES)|Any CPU.ActiveCfg = Debug|Any CPU
		{961D2654-5B63-4867-92A3-934A16324F66}.Debug (PALETTE_PROPERTIES)|Any CPU.Build.0 = Debug|Any CPU
		{961D2654-5B63-4867-92A3-934A16324F66}.Debug (PALETTE_PROPERTIES)|Mixed Platforms.ActiveCfg = Debug|Any CPU
		{961D2654-5B63-4867-92A3-934A16324F66}.Debug (PALETTE_PROPERTIES)|Mixed Platforms.Build.0 = Debug|Any CPU
		{961D2654-5B63-4867-92A3-934A16324F66}.Debug (PALETTE_PROPERTIES)|x86.ActiveCfg = Debug|Any CPU
		{961D2654-5B63-4867-92A3-934A16324F66}.Debug|Any CPU.ActiveCfg = Debug|Any CPU
		{961D2654-5B63-4867-92A3-934A16324F66}.Debug|Any CPU.Build.0 = Debug|Any CPU
		{961D2654-5B63-4867-92A3-934A16324F66}.Debug|Mixed Platforms.ActiveCfg = Debug|Any CPU
		{961D2654-5B63-4867-92A3-934A16324F66}.Debug|Mixed Platforms.Build.0 = Debug|Any CPU
		{961D2654-5B63-4867-92A3-934A16324F66}.Debug|x86.ActiveCfg = Debug|Any CPU
		{961D2654-5B63-4867-92A3-934A16324F66}.Release|Any CPU.ActiveCfg = Release|Any CPU
		{961D2654-5B63-4867-92A3-934A16324F66}.Release|Any CPU.Build.0 = Release|Any CPU
		{961D2654-5B63-4867-92A3-934A16324F66}.Release|Mixed Platforms.ActiveCfg = Release|Any CPU
		{961D2654-5B63-4867-92A3-934A16324F66}.Release|Mixed Platforms.Build.0 = Release|Any CPU
		{961D2654-5B63-4867-92A3-934A16324F66}.Release|x86.ActiveCfg = Release|Any CPU
		{D4B61895-B09B-4419-8E7E-BAFFE837BCF3}.Debug (PALETTE_PROPERTIES)|Any CPU.ActiveCfg = Debug (PALETTE_PROPERTIES)|Any CPU
		{D4B61895-B09B-4419-8E7E-BAFFE837BCF3}.Debug (PALETTE_PROPERTIES)|Any CPU.Build.0 = Debug (PALETTE_PROPERTIES)|Any CPU
		{D4B61895-B09B-4419-8E7E-BAFFE837BCF3}.Debug (PALETTE_PROPERTIES)|Mixed Platforms.ActiveCfg = Debug (PALETTE_PROPERTIES)|Any CPU
		{D4B61895-B09B-4419-8E7E-BAFFE837BCF3}.Debug (PALETTE_PROPERTIES)|Mixed Platforms.Build.0 = Debug (PALETTE_PROPERTIES)|Any CPU
		{D4B61895-B09B-4419-8E7E-BAFFE837BCF3}.Debug (PALETTE_PROPERTIES)|x86.ActiveCfg = Debug (PALETTE_PROPERTIES)|Any CPU
		{D4B61895-B09B-4419-8E7E-BAFFE837BCF3}.Debug|Any CPU.ActiveCfg = Debug|Any CPU
		{D4B61895-B09B-4419-8E7E-BAFFE837BCF3}.Debug|Any CPU.Build.0 = Debug|Any CPU
		{D4B61895-B09B-4419-8E7E-BAFFE837BCF3}.Debug|Mixed Platforms.ActiveCfg = Debug|Any CPU
		{D4B61895-B09B-4419-8E7E-BAFFE837BCF3}.Debug|Mixed Platforms.Build.0 = Debug|Any CPU
		{D4B61895-B09B-4419-8E7E-BAFFE837BCF3}.Debug|x86.ActiveCfg = Debug|Any CPU
		{D4B61895-B09B-4419-8E7E-BAFFE837BCF3}.Release|Any CPU.ActiveCfg = Release|Any CPU
		{D4B61895-B09B-4419-8E7E-BAFFE837BCF3}.Release|Any CPU.Build.0 = Release|Any CPU
		{D4B61895-B09B-4419-8E7E-BAFFE837BCF3}.Release|Mixed Platforms.ActiveCfg = Release|Any CPU
		{D4B61895-B09B-4419-8E7E-BAFFE837BCF3}.Release|Mixed Platforms.Build.0 = Release|Any CPU
		{D4B61895-B09B-4419-8E7E-BAFFE837BCF3}.Release|x86.ActiveCfg = Release|Any CPU
		{46919031-1E21-434A-9C44-CF5735E01976}.Debug (PALETTE_PROPERTIES)|Any CPU.ActiveCfg = Debug|Any CPU
		{46919031-1E21-434A-9C44-CF5735E01976}.Debug (PALETTE_PROPERTIES)|Any CPU.Build.0 = Debug|Any CPU
		{46919031-1E21-434A-9C44-CF5735E01976}.Debug (PALETTE_PROPERTIES)|Mixed Platforms.ActiveCfg = Debug|Any CPU
		{46919031-1E21-434A-9C44-CF5735E01976}.Debug (PALETTE_PROPERTIES)|Mixed Platforms.Build.0 = Debug|Any CPU
		{46919031-1E21-434A-9C44-CF5735E01976}.Debug (PALETTE_PROPERTIES)|x86.ActiveCfg = Debug|Any CPU
		{46919031-1E21-434A-9C44-CF5735E01976}.Debug (PALETTE_PROPERTIES)|x86.Build.0 = Debug|Any CPU
		{46919031-1E21-434A-9C44-CF5735E01976}.Debug|Any CPU.ActiveCfg = Debug|Any CPU
		{46919031-1E21-434A-9C44-CF5735E01976}.Debug|Any CPU.Build.0 = Debug|Any CPU
		{46919031-1E21-434A-9C44-CF5735E01976}.Debug|Mixed Platforms.ActiveCfg = Debug|Any CPU
		{46919031-1E21-434A-9C44-CF5735E01976}.Debug|Mixed Platforms.Build.0 = Debug|Any CPU
		{46919031-1E21-434A-9C44-CF5735E01976}.Debug|x86.ActiveCfg = Debug|Any CPU
		{46919031-1E21-434A-9C44-CF5735E01976}.Debug|x86.Build.0 = Debug|Any CPU
		{46919031-1E21-434A-9C44-CF5735E01976}.Release|Any CPU.ActiveCfg = Release|Any CPU
		{46919031-1E21-434A-9C44-CF5735E01976}.Release|Any CPU.Build.0 = Release|Any CPU
		{46919031-1E21-434A-9C44-CF5735E01976}.Release|Mixed Platforms.ActiveCfg = Release|Any CPU
		{46919031-1E21-434A-9C44-CF5735E01976}.Release|Mixed Platforms.Build.0 = Release|Any CPU
		{46919031-1E21-434A-9C44-CF5735E01976}.Release|x86.ActiveCfg = Release|Any CPU
		{46919031-1E21-434A-9C44-CF5735E01976}.Release|x86.Build.0 = Release|Any CPU
		{4CD3A053-3028-446F-A94F-9877FB11ADA2}.Debug (PALETTE_PROPERTIES)|Any CPU.ActiveCfg = Debug|Any CPU
		{4CD3A053-3028-446F-A94F-9877FB11ADA2}.Debug (PALETTE_PROPERTIES)|Any CPU.Build.0 = Debug|Any CPU
		{4CD3A053-3028-446F-A94F-9877FB11ADA2}.Debug (PALETTE_PROPERTIES)|Mixed Platforms.ActiveCfg = Debug|Any CPU
		{4CD3A053-3028-446F-A94F-9877FB11ADA2}.Debug (PALETTE_PROPERTIES)|Mixed Platforms.Build.0 = Debug|Any CPU
		{4CD3A053-3028-446F-A94F-9877FB11ADA2}.Debug (PALETTE_PROPERTIES)|x86.ActiveCfg = Debug|Any CPU
		{4CD3A053-3028-446F-A94F-9877FB11ADA2}.Debug (PALETTE_PROPERTIES)|x86.Build.0 = Debug|Any CPU
		{4CD3A053-3028-446F-A94F-9877FB11ADA2}.Debug|Any CPU.ActiveCfg = Debug|Any CPU
		{4CD3A053-3028-446F-A94F-9877FB11ADA2}.Debug|Any CPU.Build.0 = Debug|Any CPU
		{4CD3A053-3028-446F-A94F-9877FB11ADA2}.Debug|Mixed Platforms.ActiveCfg = Debug|Any CPU
		{4CD3A053-3028-446F-A94F-9877FB11ADA2}.Debug|Mixed Platforms.Build.0 = Debug|Any CPU
		{4CD3A053-3028-446F-A94F-9877FB11ADA2}.Debug|x86.ActiveCfg = Debug|Any CPU
		{4CD3A053-3028-446F-A94F-9877FB11ADA2}.Debug|x86.Build.0 = Debug|Any CPU
		{4CD3A053-3028-446F-A94F-9877FB11ADA2}.Release|Any CPU.ActiveCfg = Release|Any CPU
		{4CD3A053-3028-446F-A94F-9877FB11ADA2}.Release|Any CPU.Build.0 = Release|Any CPU
		{4CD3A053-3028-446F-A94F-9877FB11ADA2}.Release|Mixed Platforms.ActiveCfg = Release|Any CPU
		{4CD3A053-3028-446F-A94F-9877FB11ADA2}.Release|Mixed Platforms.Build.0 = Release|Any CPU
		{4CD3A053-3028-446F-A94F-9877FB11ADA2}.Release|x86.ActiveCfg = Release|Any CPU
		{4CD3A053-3028-446F-A94F-9877FB11ADA2}.Release|x86.Build.0 = Release|Any CPU
		{1EE3F926-FD21-4865-B4D4-28F23A5C088D}.Debug (PALETTE_PROPERTIES)|Any CPU.ActiveCfg = Debug|Any CPU
		{1EE3F926-FD21-4865-B4D4-28F23A5C088D}.Debug (PALETTE_PROPERTIES)|Any CPU.Build.0 = Debug|Any CPU
		{1EE3F926-FD21-4865-B4D4-28F23A5C088D}.Debug (PALETTE_PROPERTIES)|Mixed Platforms.ActiveCfg = Debug|Any CPU
		{1EE3F926-FD21-4865-B4D4-28F23A5C088D}.Debug (PALETTE_PROPERTIES)|Mixed Platforms.Build.0 = Debug|Any CPU
		{1EE3F926-FD21-4865-B4D4-28F23A5C088D}.Debug (PALETTE_PROPERTIES)|x86.ActiveCfg = Debug|Any CPU
		{1EE3F926-FD21-4865-B4D4-28F23A5C088D}.Debug (PALETTE_PROPERTIES)|x86.Build.0 = Debug|Any CPU
		{1EE3F926-FD21-4865-B4D4-28F23A5C088D}.Debug|Any CPU.ActiveCfg = Debug|Any CPU
		{1EE3F926-FD21-4865-B4D4-28F23A5C088D}.Debug|Any CPU.Build.0 = Debug|Any CPU
		{1EE3F926-FD21-4865-B4D4-28F23A5C088D}.Debug|Mixed Platforms.ActiveCfg = Debug|Any CPU
		{1EE3F926-FD21-4865-B4D4-28F23A5C088D}.Debug|Mixed Platforms.Build.0 = Debug|Any CPU
		{1EE3F926-FD21-4865-B4D4-28F23A5C088D}.Debug|x86.ActiveCfg = Debug|Any CPU
		{1EE3F926-FD21-4865-B4D4-28F23A5C088D}.Debug|x86.Build.0 = Debug|Any CPU
		{1EE3F926-FD21-4865-B4D4-28F23A5C088D}.Release|Any CPU.ActiveCfg = Release|Any CPU
		{1EE3F926-FD21-4865-B4D4-28F23A5C088D}.Release|Any CPU.Build.0 = Release|Any CPU
		{1EE3F926-FD21-4865-B4D4-28F23A5C088D}.Release|Mixed Platforms.ActiveCfg = Release|Any CPU
		{1EE3F926-FD21-4865-B4D4-28F23A5C088D}.Release|Mixed Platforms.Build.0 = Release|Any CPU
		{1EE3F926-FD21-4865-B4D4-28F23A5C088D}.Release|x86.ActiveCfg = Release|Any CPU
		{1EE3F926-FD21-4865-B4D4-28F23A5C088D}.Release|x86.Build.0 = Release|Any CPU
	EndGlobalSection
	GlobalSection(SolutionProperties) = preSolution
		HideSolutionNode = FALSE
	EndGlobalSection
	GlobalSection(NestedProjects) = preSolution
		{85BEDB85-6FC4-49F9-9A2C-5461364555D0} = {3D58A18D-D453-4BB8-BA6F-67BEB1E2B717}
		{354C4281-3748-47F5-A907-665C22C69091} = {85BEDB85-6FC4-49F9-9A2C-5461364555D0}
		{B263EC43-E5C1-45A3-80F0-AD5D07074CA2} = {3D58A18D-D453-4BB8-BA6F-67BEB1E2B717}
		{F7A6287C-8917-40D4-A3BD-ED9F090338A0} = {85BEDB85-6FC4-49F9-9A2C-5461364555D0}
		{356C8868-4F21-48C7-957D-834977C1D58E} = {3D58A18D-D453-4BB8-BA6F-67BEB1E2B717}
		{961D2654-5B63-4867-92A3-934A16324F66} = {3D58A18D-D453-4BB8-BA6F-67BEB1E2B717}
		{D4B61895-B09B-4419-8E7E-BAFFE837BCF3} = {3D58A18D-D453-4BB8-BA6F-67BEB1E2B717}
		{46919031-1E21-434A-9C44-CF5735E01976} = {4C471A97-886B-46BF-A258-E582C6BE5D1C}
		{4CD3A053-3028-446F-A94F-9877FB11ADA2} = {4C471A97-886B-46BF-A258-E582C6BE5D1C}
		{1EE3F926-FD21-4865-B4D4-28F23A5C088D} = {4C471A97-886B-46BF-A258-E582C6BE5D1C}
	EndGlobalSection
EndGlobal
