
Microsoft Visual Studio Solution File, Format Version 12.00
# Visual Studio Version 17
VisualStudioVersion = 17.9.34902.65
MinimumVisualStudioVersion = 10.0.40219.1
Project("{FAE04EC0-301F-11D3-BF4B-00C04F79EFBC}") = "LandscapeSprinklerDesigner", "LandscapeSprinklerDesigner\LandscapeSprinklerDesigner.csproj", "{EED253DB-047E-4B92-8C24-4D67ECACBC15}"
EndProject
Project("{2150E333-8FDC-42A3-9474-1A3956D46DE8}") = "Libraries", "Libraries", "{3D58A18D-D453-4BB8-BA6F-67BEB1E2B717}"
EndProject
Project("{2150E333-8FDC-42A3-9474-1A3956D46DE8}") = "Tests", "Tests", "{85BEDB85-6FC4-49F9-9A2C-5461364555D0}"
EndProject
Project("{9A19103F-16F7-4668-BE54-9A1E7A4F7556}") = "TNT.LSD.Inventory", "Libraries\TNT.LSD.Inventory\TNT.LSD.Inventory.csproj", "{B263EC43-E5C1-45A3-80F0-AD5D07074CA2}"
EndProject
Project("{9A19103F-16F7-4668-BE54-9A1E7A4F7556}") = "TNT.LSD.Inventory.Tests", "Tests\TNT.LSD.Inventory.Tests\TNT.LSD.Inventory.Tests.csproj", "{F7A6287C-8917-40D4-A3BD-ED9F090338A0}"
EndProject
Project("{9A19103F-16F7-4668-BE54-9A1E7A4F7556}") = "TNT.LSD.PDFGenerator", "Libraries\TNT.LSD.PDFGenerator\TNT.LSD.PDFGenerator.csproj", "{961D2654-5B63-4867-92A3-934A16324F66}"
EndProject
Project("{9A19103F-16F7-4668-BE54-9A1E7A4F7556}") = "TNT.LSD.Objects", "Libraries\TNT.LSD.Objects\TNT.LSD.Objects.csproj", "{D4B61895-B09B-4419-8E7E-BAFFE837BCF3}"
EndProject
Project("{2150E333-8FDC-42A3-9474-1A3956D46DE8}") = "Plugins", "Plugins", "{4C471A97-886B-46BF-A258-E582C6BE5D1C}"
EndProject
Project("{FAE04EC0-301F-11D3-BF4B-00C04F79EFBC}") = "TNT.LSD.Colorizer", "Plugins\TNT.LSD.Colorizer\TNT.LSD.Colorizer.csproj", "{46919031-1E21-434A-9C44-CF5735E01976}"
EndProject
Project("{FAE04EC0-301F-11D3-BF4B-00C04F79EFBC}") = "TNT.LSD.Export", "Plugins\TNT.LSD.Export\TNT.LSD.Export.csproj", "{4CD3A053-3028-446F-A94F-9877FB11ADA2}"
EndProject
Project("{FAE04EC0-301F-11D3-BF4B-00C04F79EFBC}") = "TNT.LSD.Background", "Plugins\TNT.LSD.Background\TNT.LSD.Background.csproj", "{1EE3F926-FD21-4865-B4D4-28F23A5C088D}"
EndProject
Project("{FAE04EC0-301F-11D3-BF4B-00C04F79EFBC}") = "TNT.LSD.SSC", "Plugins\TNT.LSD.SSC\TNT.LSD.SSC.csproj", "{ADFB386E-C8B2-4B5F-8E29-4DDAEA009859}"
EndProject
Project("{FAE04EC0-301F-11D3-BF4B-00C04F79EFBC}") = "TNT.LSD.PartsEditor", "Plugins\TNT.LSD.PartsEditor\TNT.LSD.PartsEditor.csproj", "{9E62A437-48BE-491B-B3D3-C3FA4EF409CA}"
EndProject
Project("{9A19103F-16F7-4668-BE54-9A1E7A4F7556}") = "TNT.LSD.Settings", "Libraries\TNT.LSD.Settings\TNT.LSD.Settings.csproj", "{71F545A4-CFBA-4307-8371-3D3DE3B71750}"
EndProject
Project("{FAE04EC0-301F-11D3-BF4B-00C04F79EFBC}") = "TNT.LSD.Checker", "Plugins\TNT.LSD.Checker\TNT.LSD.Checker.csproj", "{24C47B3D-E500-4CE9-A7CF-9763BD304A3B}"
EndProject
Project("{FAE04EC0-301F-11D3-BF4B-00C04F79EFBC}") = "TNT.LSD.Components.Tests", "Tests\TNT.LSD.Components.Tests\TNT.LSD.Components.Tests.csproj", "{A52C153E-05ED-4353-9762-83303134BA2F}"
EndProject
Project("{9A19103F-16F7-4668-BE54-9A1E7A4F7556}") = "PaletteDesigner", "PaletteDesigner\PaletteDesigner.csproj", "{1B44A5EE-DAAE-44A4-9F9F-9ABE118E50CE}"
EndProject
Project("{9A19103F-16F7-4668-BE54-9A1E7A4F7556}") = "TNT.LSD.Components", "Libraries\TNT.LSD.Components\TNT.LSD.Components.csproj", "{A79FD98D-5A6C-4A46-B788-845CF00A86CD}"
EndProject
Project("{9A19103F-16F7-4668-BE54-9A1E7A4F7556}") = "TNT.LSD.PDFGenerator.Tests", "Tests\TNT.LSD.PDFGenerator.Tests\TNT.LSD.PDFGenerator.Tests.csproj", "{82476F38-BD7A-461C-A973-5DED28DD13BA}"
EndProject
Project("{9A19103F-16F7-4668-BE54-9A1E7A4F7556}") = "TNT.LSD.Objects.Tests", "Tests\TNT.LSD.Objects.Tests\TNT.LSD.Objects.Tests.csproj", "{CE05A0F9-A912-40B6-BE2E-138B7805EF03}"
EndProject
Global
	GlobalSection(SolutionConfigurationPlatforms) = preSolution
		Debug (PALETTE_PROPERTIES)|Any CPU = Debug (PALETTE_PROPERTIES)|Any CPU
		Debug|Any CPU = Debug|Any CPU
		Release|Any CPU = Release|Any CPU
	EndGlobalSection
	GlobalSection(ProjectConfigurationPlatforms) = postSolution
		{EED253DB-047E-4B92-8C24-4D67ECACBC15}.Debug (PALETTE_PROPERTIES)|Any CPU.ActiveCfg = Debug (PALETTE_PROPERTIES)|Any CPU
		{EED253DB-047E-4B92-8C24-4D67ECACBC15}.Debug (PALETTE_PROPERTIES)|Any CPU.Build.0 = Debug (PALETTE_PROPERTIES)|Any CPU
		{EED253DB-047E-4B92-8C24-4D67ECACBC15}.Debug|Any CPU.ActiveCfg = Debug|Any CPU
		{EED253DB-047E-4B92-8C24-4D67ECACBC15}.Debug|Any CPU.Build.0 = Debug|Any CPU
		{EED253DB-047E-4B92-8C24-4D67ECACBC15}.Release|Any CPU.ActiveCfg = Release|Any CPU
		{EED253DB-047E-4B92-8C24-4D67ECACBC15}.Release|Any CPU.Build.0 = Release|Any CPU
		{B263EC43-E5C1-45A3-80F0-AD5D07074CA2}.Debug (PALETTE_PROPERTIES)|Any CPU.ActiveCfg = Debug|Any CPU
		{B263EC43-E5C1-45A3-80F0-AD5D07074CA2}.Debug (PALETTE_PROPERTIES)|Any CPU.Build.0 = Debug|Any CPU
		{B263EC43-E5C1-45A3-80F0-AD5D07074CA2}.Debug|Any CPU.ActiveCfg = Debug|Any CPU
		{B263EC43-E5C1-45A3-80F0-AD5D07074CA2}.Debug|Any CPU.Build.0 = Debug|Any CPU
		{B263EC43-E5C1-45A3-80F0-AD5D07074CA2}.Release|Any CPU.ActiveCfg = Release|Any CPU
		{B263EC43-E5C1-45A3-80F0-AD5D07074CA2}.Release|Any CPU.Build.0 = Release|Any CPU
		{F7A6287C-8917-40D4-A3BD-ED9F090338A0}.Debug (PALETTE_PROPERTIES)|Any CPU.ActiveCfg = Debug|Any CPU
		{F7A6287C-8917-40D4-A3BD-ED9F090338A0}.Debug (PALETTE_PROPERTIES)|Any CPU.Build.0 = Debug|Any CPU
		{F7A6287C-8917-40D4-A3BD-ED9F090338A0}.Debug|Any CPU.ActiveCfg = Debug|Any CPU
		{F7A6287C-8917-40D4-A3BD-ED9F090338A0}.Debug|Any CPU.Build.0 = Debug|Any CPU
		{F7A6287C-8917-40D4-A3BD-ED9F090338A0}.Release|Any CPU.ActiveCfg = Release|Any CPU
		{F7A6287C-8917-40D4-A3BD-ED9F090338A0}.Release|Any CPU.Build.0 = Release|Any CPU
		{961D2654-5B63-4867-92A3-934A16324F66}.Debug (PALETTE_PROPERTIES)|Any CPU.ActiveCfg = Debug|Any CPU
		{961D2654-5B63-4867-92A3-934A16324F66}.Debug (PALETTE_PROPERTIES)|Any CPU.Build.0 = Debug|Any CPU
		{961D2654-5B63-4867-92A3-934A16324F66}.Debug|Any CPU.ActiveCfg = Debug|Any CPU
		{961D2654-5B63-4867-92A3-934A16324F66}.Debug|Any CPU.Build.0 = Debug|Any CPU
		{961D2654-5B63-4867-92A3-934A16324F66}.Release|Any CPU.ActiveCfg = Release|Any CPU
		{961D2654-5B63-4867-92A3-934A16324F66}.Release|Any CPU.Build.0 = Release|Any CPU
		{D4B61895-B09B-4419-8E7E-BAFFE837BCF3}.Debug (PALETTE_PROPERTIES)|Any CPU.ActiveCfg = Debug (PALETTE_PROPERTIES)|Any CPU
		{D4B61895-B09B-4419-8E7E-BAFFE837BCF3}.Debug (PALETTE_PROPERTIES)|Any CPU.Build.0 = Debug (PALETTE_PROPERTIES)|Any CPU
		{D4B61895-B09B-4419-8E7E-BAFFE837BCF3}.Debug|Any CPU.ActiveCfg = Debug|Any CPU
		{D4B61895-B09B-4419-8E7E-BAFFE837BCF3}.Debug|Any CPU.Build.0 = Debug|Any CPU
		{D4B61895-B09B-4419-8E7E-BAFFE837BCF3}.Release|Any CPU.ActiveCfg = Release|Any CPU
		{D4B61895-B09B-4419-8E7E-BAFFE837BCF3}.Release|Any CPU.Build.0 = Release|Any CPU
		{46919031-1E21-434A-9C44-CF5735E01976}.Debug (PALETTE_PROPERTIES)|Any CPU.ActiveCfg = Debug|Any CPU
		{46919031-1E21-434A-9C44-CF5735E01976}.Debug (PALETTE_PROPERTIES)|Any CPU.Build.0 = Debug|Any CPU
		{46919031-1E21-434A-9C44-CF5735E01976}.Debug|Any CPU.ActiveCfg = Debug|Any CPU
		{46919031-1E21-434A-9C44-CF5735E01976}.Debug|Any CPU.Build.0 = Debug|Any CPU
		{46919031-1E21-434A-9C44-CF5735E01976}.Release|Any CPU.ActiveCfg = Release|Any CPU
		{46919031-1E21-434A-9C44-CF5735E01976}.Release|Any CPU.Build.0 = Release|Any CPU
		{4CD3A053-3028-446F-A94F-9877FB11ADA2}.Debug (PALETTE_PROPERTIES)|Any CPU.ActiveCfg = Debug|Any CPU
		{4CD3A053-3028-446F-A94F-9877FB11ADA2}.Debug (PALETTE_PROPERTIES)|Any CPU.Build.0 = Debug|Any CPU
		{4CD3A053-3028-446F-A94F-9877FB11ADA2}.Debug|Any CPU.ActiveCfg = Debug|Any CPU
		{4CD3A053-3028-446F-A94F-9877FB11ADA2}.Debug|Any CPU.Build.0 = Debug|Any CPU
		{4CD3A053-3028-446F-A94F-9877FB11ADA2}.Release|Any CPU.ActiveCfg = Release|Any CPU
		{4CD3A053-3028-446F-A94F-9877FB11ADA2}.Release|Any CPU.Build.0 = Release|Any CPU
		{1EE3F926-FD21-4865-B4D4-28F23A5C088D}.Debug (PALETTE_PROPERTIES)|Any CPU.ActiveCfg = Debug|Any CPU
		{1EE3F926-FD21-4865-B4D4-28F23A5C088D}.Debug (PALETTE_PROPERTIES)|Any CPU.Build.0 = Debug|Any CPU
		{1EE3F926-FD21-4865-B4D4-28F23A5C088D}.Debug|Any CPU.ActiveCfg = Debug|Any CPU
		{1EE3F926-FD21-4865-B4D4-28F23A5C088D}.Debug|Any CPU.Build.0 = Debug|Any CPU
		{1EE3F926-FD21-4865-B4D4-28F23A5C088D}.Release|Any CPU.ActiveCfg = Release|Any CPU
		{1EE3F926-FD21-4865-B4D4-28F23A5C088D}.Release|Any CPU.Build.0 = Release|Any CPU
		{ADFB386E-C8B2-4B5F-8E29-4DDAEA009859}.Debug (PALETTE_PROPERTIES)|Any CPU.ActiveCfg = Debug|Any CPU
		{ADFB386E-C8B2-4B5F-8E29-4DDAEA009859}.Debug (PALETTE_PROPERTIES)|Any CPU.Build.0 = Debug|Any CPU
		{ADFB386E-C8B2-4B5F-8E29-4DDAEA009859}.Debug|Any CPU.ActiveCfg = Debug|Any CPU
		{ADFB386E-C8B2-4B5F-8E29-4DDAEA009859}.Debug|Any CPU.Build.0 = Debug|Any CPU
		{ADFB386E-C8B2-4B5F-8E29-4DDAEA009859}.Release|Any CPU.ActiveCfg = Release|Any CPU
		{ADFB386E-C8B2-4B5F-8E29-4DDAEA009859}.Release|Any CPU.Build.0 = Release|Any CPU
		{9E62A437-48BE-491B-B3D3-C3FA4EF409CA}.Debug (PALETTE_PROPERTIES)|Any CPU.ActiveCfg = Debug|Any CPU
		{9E62A437-48BE-491B-B3D3-C3FA4EF409CA}.Debug (PALETTE_PROPERTIES)|Any CPU.Build.0 = Debug|Any CPU
		{9E62A437-48BE-491B-B3D3-C3FA4EF409CA}.Debug|Any CPU.ActiveCfg = Debug|Any CPU
		{9E62A437-48BE-491B-B3D3-C3FA4EF409CA}.Debug|Any CPU.Build.0 = Debug|Any CPU
		{9E62A437-48BE-491B-B3D3-C3FA4EF409CA}.Release|Any CPU.ActiveCfg = Release|Any CPU
		{9E62A437-48BE-491B-B3D3-C3FA4EF409CA}.Release|Any CPU.Build.0 = Release|Any CPU
		{71F545A4-CFBA-4307-8371-3D3DE3B71750}.Debug (PALETTE_PROPERTIES)|Any CPU.ActiveCfg = Debug|Any CPU
		{71F545A4-CFBA-4307-8371-3D3DE3B71750}.Debug (PALETTE_PROPERTIES)|Any CPU.Build.0 = Debug|Any CPU
		{71F545A4-CFBA-4307-8371-3D3DE3B71750}.Debug|Any CPU.ActiveCfg = Debug|Any CPU
		{71F545A4-CFBA-4307-8371-3D3DE3B71750}.Debug|Any CPU.Build.0 = Debug|Any CPU
		{71F545A4-CFBA-4307-8371-3D3DE3B71750}.Release|Any CPU.ActiveCfg = Release|Any CPU
		{71F545A4-CFBA-4307-8371-3D3DE3B71750}.Release|Any CPU.Build.0 = Release|Any CPU
		{24C47B3D-E500-4CE9-A7CF-9763BD304A3B}.Debug (PALETTE_PROPERTIES)|Any CPU.ActiveCfg = Debug|Any CPU
		{24C47B3D-E500-4CE9-A7CF-9763BD304A3B}.Debug (PALETTE_PROPERTIES)|Any CPU.Build.0 = Debug|Any CPU
		{24C47B3D-E500-4CE9-A7CF-9763BD304A3B}.Debug|Any CPU.ActiveCfg = Debug|Any CPU
		{24C47B3D-E500-4CE9-A7CF-9763BD304A3B}.Debug|Any CPU.Build.0 = Debug|Any CPU
		{24C47B3D-E500-4CE9-A7CF-9763BD304A3B}.Release|Any CPU.ActiveCfg = Release|Any CPU
		{24C47B3D-E500-4CE9-A7CF-9763BD304A3B}.Release|Any CPU.Build.0 = Release|Any CPU
		{A52C153E-05ED-4353-9762-83303134BA2F}.Debug (PALETTE_PROPERTIES)|Any CPU.ActiveCfg = Debug|Any CPU
		{A52C153E-05ED-4353-9762-83303134BA2F}.Debug (PALETTE_PROPERTIES)|Any CPU.Build.0 = Debug|Any CPU
		{A52C153E-05ED-4353-9762-83303134BA2F}.Debug|Any CPU.ActiveCfg = Debug|Any CPU
		{A52C153E-05ED-4353-9762-83303134BA2F}.Debug|Any CPU.Build.0 = Debug|Any CPU
		{A52C153E-05ED-4353-9762-83303134BA2F}.Release|Any CPU.ActiveCfg = Release|Any CPU
		{A52C153E-05ED-4353-9762-83303134BA2F}.Release|Any CPU.Build.0 = Release|Any CPU
		{1B44A5EE-DAAE-44A4-9F9F-9ABE118E50CE}.Debug (PALETTE_PROPERTIES)|Any CPU.ActiveCfg = Debug|Any CPU
		{1B44A5EE-DAAE-44A4-9F9F-9ABE118E50CE}.Debug (PALETTE_PROPERTIES)|Any CPU.Build.0 = Debug|Any CPU
		{1B44A5EE-DAAE-44A4-9F9F-9ABE118E50CE}.Debug|Any CPU.ActiveCfg = Debug|Any CPU
		{1B44A5EE-DAAE-44A4-9F9F-9ABE118E50CE}.Debug|Any CPU.Build.0 = Debug|Any CPU
		{1B44A5EE-DAAE-44A4-9F9F-9ABE118E50CE}.Release|Any CPU.ActiveCfg = Release|Any CPU
		{1B44A5EE-DAAE-44A4-9F9F-9ABE118E50CE}.Release|Any CPU.Build.0 = Release|Any CPU
		{A79FD98D-5A6C-4A46-B788-845CF00A86CD}.Debug (PALETTE_PROPERTIES)|Any CPU.ActiveCfg = Debug|Any CPU
		{A79FD98D-5A6C-4A46-B788-845CF00A86CD}.Debug (PALETTE_PROPERTIES)|Any CPU.Build.0 = Debug|Any CPU
		{A79FD98D-5A6C-4A46-B788-845CF00A86CD}.Debug|Any CPU.ActiveCfg = Debug|Any CPU
		{A79FD98D-5A6C-4A46-B788-845CF00A86CD}.Debug|Any CPU.Build.0 = Debug|Any CPU
		{A79FD98D-5A6C-4A46-B788-845CF00A86CD}.Release|Any CPU.ActiveCfg = Release|Any CPU
		{A79FD98D-5A6C-4A46-B788-845CF00A86CD}.Release|Any CPU.Build.0 = Release|Any CPU
		{82476F38-BD7A-461C-A973-5DED28DD13BA}.Debug (PALETTE_PROPERTIES)|Any CPU.ActiveCfg = Debug|Any CPU
		{82476F38-BD7A-461C-A973-5DED28DD13BA}.Debug (PALETTE_PROPERTIES)|Any CPU.Build.0 = Debug|Any CPU
		{82476F38-BD7A-461C-A973-5DED28DD13BA}.Debug|Any CPU.ActiveCfg = Debug|Any CPU
		{82476F38-BD7A-461C-A973-5DED28DD13BA}.Debug|Any CPU.Build.0 = Debug|Any CPU
		{82476F38-BD7A-461C-A973-5DED28DD13BA}.Release|Any CPU.ActiveCfg = Release|Any CPU
		{82476F38-BD7A-461C-A973-5DED28DD13BA}.Release|Any CPU.Build.0 = Release|Any CPU
		{CE05A0F9-A912-40B6-BE2E-138B7805EF03}.Debug (PALETTE_PROPERTIES)|Any CPU.ActiveCfg = Debug|Any CPU
		{CE05A0F9-A912-40B6-BE2E-138B7805EF03}.Debug (PALETTE_PROPERTIES)|Any CPU.Build.0 = Debug|Any CPU
		{CE05A0F9-A912-40B6-BE2E-138B7805EF03}.Debug|Any CPU.ActiveCfg = Debug|Any CPU
		{CE05A0F9-A912-40B6-BE2E-138B7805EF03}.Debug|Any CPU.Build.0 = Debug|Any CPU
		{CE05A0F9-A912-40B6-BE2E-138B7805EF03}.Release|Any CPU.ActiveCfg = Release|Any CPU
		{CE05A0F9-A912-40B6-BE2E-138B7805EF03}.Release|Any CPU.Build.0 = Release|Any CPU
	EndGlobalSection
	GlobalSection(SolutionProperties) = preSolution
		HideSolutionNode = FALSE
	EndGlobalSection
	GlobalSection(NestedProjects) = preSolution
		{85BEDB85-6FC4-49F9-9A2C-5461364555D0} = {3D58A18D-D453-4BB8-BA6F-67BEB1E2B717}
		{B263EC43-E5C1-45A3-80F0-AD5D07074CA2} = {3D58A18D-D453-4BB8-BA6F-67BEB1E2B717}
		{F7A6287C-8917-40D4-A3BD-ED9F090338A0} = {85BEDB85-6FC4-49F9-9A2C-5461364555D0}
		{961D2654-5B63-4867-92A3-934A16324F66} = {3D58A18D-D453-4BB8-BA6F-67BEB1E2B717}
		{D4B61895-B09B-4419-8E7E-BAFFE837BCF3} = {3D58A18D-D453-4BB8-BA6F-67BEB1E2B717}
		{46919031-1E21-434A-9C44-CF5735E01976} = {4C471A97-886B-46BF-A258-E582C6BE5D1C}
		{4CD3A053-3028-446F-A94F-9877FB11ADA2} = {4C471A97-886B-46BF-A258-E582C6BE5D1C}
		{1EE3F926-FD21-4865-B4D4-28F23A5C088D} = {4C471A97-886B-46BF-A258-E582C6BE5D1C}
		{ADFB386E-C8B2-4B5F-8E29-4DDAEA009859} = {4C471A97-886B-46BF-A258-E582C6BE5D1C}
		{9E62A437-48BE-491B-B3D3-C3FA4EF409CA} = {4C471A97-886B-46BF-A258-E582C6BE5D1C}
		{71F545A4-CFBA-4307-8371-3D3DE3B71750} = {3D58A18D-D453-4BB8-BA6F-67BEB1E2B717}
		{24C47B3D-E500-4CE9-A7CF-9763BD304A3B} = {4C471A97-886B-46BF-A258-E582C6BE5D1C}
		{A52C153E-05ED-4353-9762-83303134BA2F} = {85BEDB85-6FC4-49F9-9A2C-5461364555D0}
		{A79FD98D-5A6C-4A46-B788-845CF00A86CD} = {3D58A18D-D453-4BB8-BA6F-67BEB1E2B717}
		{82476F38-BD7A-461C-A973-5DED28DD13BA} = {85BEDB85-6FC4-49F9-9A2C-5461364555D0}
		{CE05A0F9-A912-40B6-BE2E-138B7805EF03} = {85BEDB85-6FC4-49F9-9A2C-5461364555D0}
	EndGlobalSection
	GlobalSection(ExtensibilityGlobals) = postSolution
		SolutionGuid = {93E621D5-9961-4505-98B6-5154039B86F3}
	EndGlobalSection
EndGlobal
