
Microsoft Visual Studio Solution File, Format Version 12.00
# Visual Studio 2012
Project("{FAE04EC0-301F-11D3-BF4B-00C04F79EFBC}") = "TNT.LSD.PDFGenerator", "TNT.LSD.PDFGenerator.csproj", "{961D2654-5B63-4867-92A3-934A16324F66}"
EndProject
Project("{FAE04EC0-301F-11D3-BF4B-00C04F79EFBC}") = "PDFGeneratorTest", "PDFGeneratorTest\PDFGeneratorTest.csproj", "{94E0491F-23A5-4C0A-82A4-52C7DAB3F46C}"
EndProject
Project("{FAE04EC0-301F-11D3-BF4B-00C04F79EFBC}") = "TNT.LSD.Inventory", "..\TNT.LSD.Inventory\TNT.LSD.Inventory.csproj", "{B263EC43-E5C1-45A3-80F0-AD5D07074CA2}"
EndProject
Project("{FAE04EC0-301F-11D3-BF4B-00C04F79EFBC}") = "TNT.Configuration", "..\..\..\..\Libraries\TNT.Configuration\trunk\TNT.Configuration.csproj", "{C8B4D9D5-25B9-47B9-B79B-EB4DCBC075C0}"
EndProject
Project("{FAE04EC0-301F-11D3-BF4B-00C04F79EFBC}") = "TNT.Utilities", "..\..\..\..\Libraries\TNT.Utilities\trunk\TNT.Utilities.csproj", "{026B1998-3B54-4964-B172-DD4DDADC3D3D}"
EndProject
Global
	GlobalSection(SolutionConfigurationPlatforms) = preSolution
		Debug (PALETTE_PROPERTIES)|Any CPU = Debug (PALETTE_PROPERTIES)|Any CPU
		Debug (PALETTE_PROPERTIES)|Mixed Platforms = Debug (PALETTE_PROPERTIES)|Mixed Platforms
		Debug (PALETTE_PROPERTIES)|x86 = Debug (PALETTE_PROPERTIES)|x86
		Debug|Any CPU = Debug|Any CPU
		Debug|Mixed Platforms = Debug|Mixed Platforms
		Debug|x86 = Debug|x86
		Release|Any CPU = Release|Any CPU
		Release|Mixed Platforms = Release|Mixed Platforms
		Release|x86 = Release|x86
	EndGlobalSection
	GlobalSection(ProjectConfigurationPlatforms) = postSolution
		{961D2654-5B63-4867-92A3-934A16324F66}.Debug (PALETTE_PROPERTIES)|Any CPU.ActiveCfg = Debug|Any CPU
		{961D2654-5B63-4867-92A3-934A16324F66}.Debug (PALETTE_PROPERTIES)|Any CPU.Build.0 = Debug|Any CPU
		{961D2654-5B63-4867-92A3-934A16324F66}.Debug (PALETTE_PROPERTIES)|Mixed Platforms.ActiveCfg = Debug|Any CPU
		{961D2654-5B63-4867-92A3-934A16324F66}.Debug (PALETTE_PROPERTIES)|Mixed Platforms.Build.0 = Debug|Any CPU
		{961D2654-5B63-4867-92A3-934A16324F66}.Debug (PALETTE_PROPERTIES)|x86.ActiveCfg = Debug|Any CPU
		{961D2654-5B63-4867-92A3-934A16324F66}.Debug|Any CPU.ActiveCfg = Debug|Any CPU
		{961D2654-5B63-4867-92A3-934A16324F66}.Debug|Any CPU.Build.0 = Debug|Any CPU
		{961D2654-5B63-4867-92A3-934A16324F66}.Debug|Mixed Platforms.ActiveCfg = Debug|Any CPU
		{961D2654-5B63-4867-92A3-934A16324F66}.Debug|Mixed Platforms.Build.0 = Debug|Any CPU
		{961D2654-5B63-4867-92A3-934A16324F66}.Debug|x86.ActiveCfg = Debug|Any CPU
		{961D2654-5B63-4867-92A3-934A16324F66}.Release|Any CPU.ActiveCfg = Release|Any CPU
		{961D2654-5B63-4867-92A3-934A16324F66}.Release|Any CPU.Build.0 = Release|Any CPU
		{961D2654-5B63-4867-92A3-934A16324F66}.Release|Mixed Platforms.ActiveCfg = Release|Any CPU
		{961D2654-5B63-4867-92A3-934A16324F66}.Release|Mixed Platforms.Build.0 = Release|Any CPU
		{961D2654-5B63-4867-92A3-934A16324F66}.Release|x86.ActiveCfg = Release|Any CPU
		{94E0491F-23A5-4C0A-82A4-52C7DAB3F46C}.Debug (PALETTE_PROPERTIES)|Any CPU.ActiveCfg = Debug|x86
		{94E0491F-23A5-4C0A-82A4-52C7DAB3F46C}.Debug (PALETTE_PROPERTIES)|Mixed Platforms.ActiveCfg = Debug|x86
		{94E0491F-23A5-4C0A-82A4-52C7DAB3F46C}.Debug (PALETTE_PROPERTIES)|Mixed Platforms.Build.0 = Debug|x86
		{94E0491F-23A5-4C0A-82A4-52C7DAB3F46C}.Debug (PALETTE_PROPERTIES)|x86.ActiveCfg = Debug|x86
		{94E0491F-23A5-4C0A-82A4-52C7DAB3F46C}.Debug (PALETTE_PROPERTIES)|x86.Build.0 = Debug|x86
		{94E0491F-23A5-4C0A-82A4-52C7DAB3F46C}.Debug|Any CPU.ActiveCfg = Debug|x86
		{94E0491F-23A5-4C0A-82A4-52C7DAB3F46C}.Debug|Mixed Platforms.ActiveCfg = Debug|x86
		{94E0491F-23A5-4C0A-82A4-52C7DAB3F46C}.Debug|Mixed Platforms.Build.0 = Debug|x86
		{94E0491F-23A5-4C0A-82A4-52C7DAB3F46C}.Debug|x86.ActiveCfg = Debug|x86
		{94E0491F-23A5-4C0A-82A4-52C7DAB3F46C}.Debug|x86.Build.0 = Debug|x86
		{94E0491F-23A5-4C0A-82A4-52C7DAB3F46C}.Release|Any CPU.ActiveCfg = Release|x86
		{94E0491F-23A5-4C0A-82A4-52C7DAB3F46C}.Release|Mixed Platforms.ActiveCfg = Release|x86
		{94E0491F-23A5-4C0A-82A4-52C7DAB3F46C}.Release|Mixed Platforms.Build.0 = Release|x86
		{94E0491F-23A5-4C0A-82A4-52C7DAB3F46C}.Release|x86.ActiveCfg = Release|x86
		{94E0491F-23A5-4C0A-82A4-52C7DAB3F46C}.Release|x86.Build.0 = Release|x86
		{B263EC43-E5C1-45A3-80F0-AD5D07074CA2}.Debug (PALETTE_PROPERTIES)|Any CPU.ActiveCfg = Debug|Any CPU
		{B263EC43-E5C1-45A3-80F0-AD5D07074CA2}.Debug (PALETTE_PROPERTIES)|Any CPU.Build.0 = Debug|Any CPU
		{B263EC43-E5C1-45A3-80F0-AD5D07074CA2}.Debug (PALETTE_PROPERTIES)|Mixed Platforms.ActiveCfg = Debug|Any CPU
		{B263EC43-E5C1-45A3-80F0-AD5D07074CA2}.Debug (PALETTE_PROPERTIES)|Mixed Platforms.Build.0 = Debug|Any CPU
		{B263EC43-E5C1-45A3-80F0-AD5D07074CA2}.Debug (PALETTE_PROPERTIES)|x86.ActiveCfg = Debug|Any CPU
		{B263EC43-E5C1-45A3-80F0-AD5D07074CA2}.Debug|Any CPU.ActiveCfg = Debug|Any CPU
		{B263EC43-E5C1-45A3-80F0-AD5D07074CA2}.Debug|Any CPU.Build.0 = Debug|Any CPU
		{B263EC43-E5C1-45A3-80F0-AD5D07074CA2}.Debug|Mixed Platforms.ActiveCfg = Debug|Any CPU
		{B263EC43-E5C1-45A3-80F0-AD5D07074CA2}.Debug|Mixed Platforms.Build.0 = Debug|Any CPU
		{B263EC43-E5C1-45A3-80F0-AD5D07074CA2}.Debug|x86.ActiveCfg = Debug|Any CPU
		{B263EC43-E5C1-45A3-80F0-AD5D07074CA2}.Release|Any CPU.ActiveCfg = Release|Any CPU
		{B263EC43-E5C1-45A3-80F0-AD5D07074CA2}.Release|Any CPU.Build.0 = Release|Any CPU
		{B263EC43-E5C1-45A3-80F0-AD5D07074CA2}.Release|Mixed Platforms.ActiveCfg = Release|Any CPU
		{B263EC43-E5C1-45A3-80F0-AD5D07074CA2}.Release|Mixed Platforms.Build.0 = Release|Any CPU
		{B263EC43-E5C1-45A3-80F0-AD5D07074CA2}.Release|x86.ActiveCfg = Release|Any CPU
		{C8B4D9D5-25B9-47B9-B79B-EB4DCBC075C0}.Debug (PALETTE_PROPERTIES)|Any CPU.ActiveCfg = Debug|Any CPU
		{C8B4D9D5-25B9-47B9-B79B-EB4DCBC075C0}.Debug (PALETTE_PROPERTIES)|Any CPU.Build.0 = Debug|Any CPU
		{C8B4D9D5-25B9-47B9-B79B-EB4DCBC075C0}.Debug (PALETTE_PROPERTIES)|Mixed Platforms.ActiveCfg = Debug|Any CPU
		{C8B4D9D5-25B9-47B9-B79B-EB4DCBC075C0}.Debug (PALETTE_PROPERTIES)|Mixed Platforms.Build.0 = Debug|Any CPU
		{C8B4D9D5-25B9-47B9-B79B-EB4DCBC075C0}.Debug (PALETTE_PROPERTIES)|x86.ActiveCfg = Debug|Any CPU
		{C8B4D9D5-25B9-47B9-B79B-EB4DCBC075C0}.Debug|Any CPU.ActiveCfg = Debug|Any CPU
		{C8B4D9D5-25B9-47B9-B79B-EB4DCBC075C0}.Debug|Any CPU.Build.0 = Debug|Any CPU
		{C8B4D9D5-25B9-47B9-B79B-EB4DCBC075C0}.Debug|Mixed Platforms.ActiveCfg = Debug|Any CPU
		{C8B4D9D5-25B9-47B9-B79B-EB4DCBC075C0}.Debug|Mixed Platforms.Build.0 = Debug|Any CPU
		{C8B4D9D5-25B9-47B9-B79B-EB4DCBC075C0}.Debug|x86.ActiveCfg = Debug|Any CPU
		{C8B4D9D5-25B9-47B9-B79B-EB4DCBC075C0}.Release|Any CPU.ActiveCfg = Release|Any CPU
		{C8B4D9D5-25B9-47B9-B79B-EB4DCBC075C0}.Release|Any CPU.Build.0 = Release|Any CPU
		{C8B4D9D5-25B9-47B9-B79B-EB4DCBC075C0}.Release|Mixed Platforms.ActiveCfg = Release|Any CPU
		{C8B4D9D5-25B9-47B9-B79B-EB4DCBC075C0}.Release|Mixed Platforms.Build.0 = Release|Any CPU
		{C8B4D9D5-25B9-47B9-B79B-EB4DCBC075C0}.Release|x86.ActiveCfg = Release|Any CPU
		{026B1998-3B54-4964-B172-DD4DDADC3D3D}.Debug (PALETTE_PROPERTIES)|Any CPU.ActiveCfg = Debug (PALETTE_PROPERTIES)|Any CPU
		{026B1998-3B54-4964-B172-DD4DDADC3D3D}.Debug (PALETTE_PROPERTIES)|Any CPU.Build.0 = Debug (PALETTE_PROPERTIES)|Any CPU
		{026B1998-3B54-4964-B172-DD4DDADC3D3D}.Debug (PALETTE_PROPERTIES)|Mixed Platforms.ActiveCfg = Debug (PALETTE_PROPERTIES)|Any CPU
		{026B1998-3B54-4964-B172-DD4DDADC3D3D}.Debug (PALETTE_PROPERTIES)|Mixed Platforms.Build.0 = Debug (PALETTE_PROPERTIES)|Any CPU
		{026B1998-3B54-4964-B172-DD4DDADC3D3D}.Debug (PALETTE_PROPERTIES)|x86.ActiveCfg = Debug (PALETTE_PROPERTIES)|Any CPU
		{026B1998-3B54-4964-B172-DD4DDADC3D3D}.Debug|Any CPU.ActiveCfg = Debug|Any CPU
		{026B1998-3B54-4964-B172-DD4DDADC3D3D}.Debug|Any CPU.Build.0 = Debug|Any CPU
		{026B1998-3B54-4964-B172-DD4DDADC3D3D}.Debug|Mixed Platforms.ActiveCfg = Debug|Any CPU
		{026B1998-3B54-4964-B172-DD4DDADC3D3D}.Debug|Mixed Platforms.Build.0 = Debug|Any CPU
		{026B1998-3B54-4964-B172-DD4DDADC3D3D}.Debug|x86.ActiveCfg = Debug|Any CPU
		{026B1998-3B54-4964-B172-DD4DDADC3D3D}.Release|Any CPU.ActiveCfg = Release|Any CPU
		{026B1998-3B54-4964-B172-DD4DDADC3D3D}.Release|Any CPU.Build.0 = Release|Any CPU
		{026B1998-3B54-4964-B172-DD4DDADC3D3D}.Release|Mixed Platforms.ActiveCfg = Release|Any CPU
		{026B1998-3B54-4964-B172-DD4DDADC3D3D}.Release|Mixed Platforms.Build.0 = Release|Any CPU
		{026B1998-3B54-4964-B172-DD4DDADC3D3D}.Release|x86.ActiveCfg = Release|Any CPU
	EndGlobalSection
	GlobalSection(SolutionProperties) = preSolution
		HideSolutionNode = FALSE
	EndGlobalSection
EndGlobal
